
Microsoft Visual Studio Solution File, Format Version 12.00
# Visual Studio Version 16
VisualStudioVersion = 16.0.30621.155
MinimumVisualStudioVersion = 10.0.40219.1
Project("{FAE04EC0-301F-11D3-BF4B-00C04F79EFBC}") = "Alcohol-Timer.Android", "Alcohol-Timer\Alcohol-Timer.Android\Alcohol-Timer.Android.csproj", "{DC8AF12A-B201-4882-B654-A11C754B60DE}"
EndProject
Project("{FAE04EC0-301F-11D3-BF4B-00C04F79EFBC}") = "Alcohol-Timer.iOS", "Alcohol-Timer\Alcohol-Timer.iOS\Alcohol-Timer.iOS.csproj", "{62EC677D-5D85-40E1-920B-DDF86B2A43CA}"
EndProject
Project("{FAE04EC0-301F-11D3-BF4B-00C04F79EFBC}") = "Alcohol-Timer", "Alcohol-Timer\Alcohol-Timer\Alcohol-Timer.csproj", "{18FCC9B0-AF49-483B-A50E-E40EBBD1247F}"
EndProject
Global
	GlobalSection(SolutionConfigurationPlatforms) = preSolution
		Debug|Any CPU = Debug|Any CPU
		Debug|iPhone = Debug|iPhone
		Debug|iPhoneSimulator = Debug|iPhoneSimulator
		Release|Any CPU = Release|Any CPU
		Release|iPhone = Release|iPhone
		Release|iPhoneSimulator = Release|iPhoneSimulator
	EndGlobalSection
	GlobalSection(ProjectConfigurationPlatforms) = postSolution
		{DC8AF12A-B201-4882-B654-A11C754B60DE}.Debug|Any CPU.ActiveCfg = Debug|Any CPU
		{DC8AF12A-B201-4882-B654-A11C754B60DE}.Debug|Any CPU.Build.0 = Debug|Any CPU
		{DC8AF12A-B201-4882-B654-A11C754B60DE}.Debug|Any CPU.Deploy.0 = Debug|Any CPU
		{DC8AF12A-B201-4882-B654-A11C754B60DE}.Debug|iPhone.ActiveCfg = Debug|Any CPU
		{DC8AF12A-B201-4882-B654-A11C754B60DE}.Debug|iPhone.Build.0 = Debug|Any CPU
		{DC8AF12A-B201-4882-B654-A11C754B60DE}.Debug|iPhone.Deploy.0 = Debug|Any CPU
		{DC8AF12A-B201-4882-B654-A11C754B60DE}.Debug|iPhoneSimulator.ActiveCfg = Debug|Any CPU
		{DC8AF12A-B201-4882-B654-A11C754B60DE}.Debug|iPhoneSimulator.Build.0 = Debug|Any CPU
		{DC8AF12A-B201-4882-B654-A11C754B60DE}.Debug|iPhoneSimulator.Deploy.0 = Debug|Any CPU
		{DC8AF12A-B201-4882-B654-A11C754B60DE}.Release|Any CPU.ActiveCfg = Release|Any CPU
		{DC8AF12A-B201-4882-B654-A11C754B60DE}.Release|Any CPU.Build.0 = Release|Any CPU
		{DC8AF12A-B201-4882-B654-A11C754B60DE}.Release|Any CPU.Deploy.0 = Release|Any CPU
		{DC8AF12A-B201-4882-B654-A11C754B60DE}.Release|iPhone.ActiveCfg = Release|Any CPU
		{DC8AF12A-B201-4882-B654-A11C754B60DE}.Release|iPhone.Build.0 = Release|Any CPU
		{DC8AF12A-B201-4882-B654-A11C754B60DE}.Release|iPhone.Deploy.0 = Release|Any CPU
		{DC8AF12A-B201-4882-B654-A11C754B60DE}.Release|iPhoneSimulator.ActiveCfg = Release|Any CPU
		{DC8AF12A-B201-4882-B654-A11C754B60DE}.Release|iPhoneSimulator.Build.0 = Release|Any CPU
		{DC8AF12A-B201-4882-B654-A11C754B60DE}.Release|iPhoneSimulator.Deploy.0 = Release|Any CPU
		{62EC677D-5D85-40E1-920B-DDF86B2A43CA}.Debug|Any CPU.ActiveCfg = Debug|iPhone
		{62EC677D-5D85-40E1-920B-DDF86B2A43CA}.Debug|Any CPU.Build.0 = Debug|iPhone
		{62EC677D-5D85-40E1-920B-DDF86B2A43CA}.Debug|Any CPU.Deploy.0 = Debug|iPhone
		{62EC677D-5D85-40E1-920B-DDF86B2A43CA}.Debug|iPhone.ActiveCfg = Debug|iPhone
		{62EC677D-5D85-40E1-920B-DDF86B2A43CA}.Debug|iPhone.Build.0 = Debug|iPhone
		{62EC677D-5D85-40E1-920B-DDF86B2A43CA}.Debug|iPhone.Deploy.0 = Debug|iPhone
		{62EC677D-5D85-40E1-920B-DDF86B2A43CA}.Debug|iPhoneSimulator.ActiveCfg = Debug|iPhoneSimulator
		{62EC677D-5D85-40E1-920B-DDF86B2A43CA}.Debug|iPhoneSimulator.Build.0 = Debug|iPhoneSimulator
		{62EC677D-5D85-40E1-920B-DDF86B2A43CA}.Debug|iPhoneSimulator.Deploy.0 = Debug|iPhoneSimulator
		{62EC677D-5D85-40E1-920B-DDF86B2A43CA}.Release|Any CPU.ActiveCfg = Release|iPhoneSimulator
		{62EC677D-5D85-40E1-920B-DDF86B2A43CA}.Release|Any CPU.Build.0 = Release|iPhoneSimulator
		{62EC677D-5D85-40E1-920B-DDF86B2A43CA}.Release|Any CPU.Deploy.0 = Release|iPhoneSimulator
		{62EC677D-5D85-40E1-920B-DDF86B2A43CA}.Release|iPhone.ActiveCfg = Release|iPhone
		{62EC677D-5D85-40E1-920B-DDF86B2A43CA}.Release|iPhone.Build.0 = Release|iPhone
		{62EC677D-5D85-40E1-920B-DDF86B2A43CA}.Release|iPhone.Deploy.0 = Release|iPhone
		{62EC677D-5D85-40E1-920B-DDF86B2A43CA}.Release|iPhoneSimulator.ActiveCfg = Release|iPhoneSimulator
		{62EC677D-5D85-40E1-920B-DDF86B2A43CA}.Release|iPhoneSimulator.Build.0 = Release|iPhoneSimulator
		{62EC677D-5D85-40E1-920B-DDF86B2A43CA}.Release|iPhoneSimulator.Deploy.0 = Release|iPhoneSimulator
		{18FCC9B0-AF49-483B-A50E-E40EBBD1247F}.Debug|Any CPU.ActiveCfg = Debug|Any CPU
		{18FCC9B0-AF49-483B-A50E-E40EBBD1247F}.Debug|Any CPU.Build.0 = Debug|Any CPU
		{18FCC9B0-AF49-483B-A50E-E40EBBD1247F}.Debug|Any CPU.Deploy.0 = Debug|Any CPU
		{18FCC9B0-AF49-483B-A50E-E40EBBD1247F}.Debug|iPhone.ActiveCfg = Debug|Any CPU
		{18FCC9B0-AF49-483B-A50E-E40EBBD1247F}.Debug|iPhone.Build.0 = Debug|Any CPU
		{18FCC9B0-AF49-483B-A50E-E40EBBD1247F}.Debug|iPhone.Deploy.0 = Debug|Any CPU
		{18FCC9B0-AF49-483B-A50E-E40EBBD1247F}.Debug|iPhoneSimulator.ActiveCfg = Debug|Any CPU
		{18FCC9B0-AF49-483B-A50E-E40EBBD1247F}.Debug|iPhoneSimulator.Build.0 = Debug|Any CPU
		{18FCC9B0-AF49-483B-A50E-E40EBBD1247F}.Debug|iPhoneSimulator.Deploy.0 = Debug|Any CPU
		{18FCC9B0-AF49-483B-A50E-E40EBBD1247F}.Release|Any CPU.ActiveCfg = Release|Any CPU
		{18FCC9B0-AF49-483B-A50E-E40EBBD1247F}.Release|Any CPU.Build.0 = Release|Any CPU
		{18FCC9B0-AF49-483B-A50E-E40EBBD1247F}.Release|Any CPU.Deploy.0 = Release|Any CPU
		{18FCC9B0-AF49-483B-A50E-E40EBBD1247F}.Release|iPhone.ActiveCfg = Release|Any CPU
		{18FCC9B0-AF49-483B-A50E-E40EBBD1247F}.Release|iPhone.Build.0 = Release|Any CPU
		{18FCC9B0-AF49-483B-A50E-E40EBBD1247F}.Release|iPhone.Deploy.0 = Release|Any CPU
		{18FCC9B0-AF49-483B-A50E-E40EBBD1247F}.Release|iPhoneSimulator.ActiveCfg = Release|Any CPU
		{18FCC9B0-AF49-483B-A50E-E40EBBD1247F}.Release|iPhoneSimulator.Build.0 = Release|Any CPU
		{18FCC9B0-AF49-483B-A50E-E40EBBD1247F}.Release|iPhoneSimulator.Deploy.0 = Release|Any CPU
	EndGlobalSection
	GlobalSection(SolutionProperties) = preSolution
		HideSolutionNode = FALSE
	EndGlobalSection
	GlobalSection(ExtensibilityGlobals) = postSolution
		SolutionGuid = {67CD0FAB-F355-4E9F-BDDB-84091E11BF13}
	EndGlobalSection
EndGlobal
